
Microsoft Visual Studio Solution File, Format Version 12.00
# Visual Studio Version 17
VisualStudioVersion = 17.9.34723.18
MinimumVisualStudioVersion = 10.0.40219.1
Project("{FAE04EC0-301F-11D3-BF4B-00C04F79EFBC}") = "EasyCashIdentityProject.EntityLayer", "EasyCashIdentityProject.EntityLayer\EasyCashIdentityProject.EntityLayer.csproj", "{CD75FBEB-9EDF-4528-8135-7FA0F1213040}"
EndProject
Project("{FAE04EC0-301F-11D3-BF4B-00C04F79EFBC}") = "EasyCashIdentityProject.DataAccessLayer", "EasyCashIdentityProject.DataAccessLayer\EasyCashIdentityProject.DataAccessLayer.csproj", "{D15B4BA0-3F3D-4A0C-9E97-06BB440F48EC}"
EndProject
Project("{FAE04EC0-301F-11D3-BF4B-00C04F79EFBC}") = "EasyCashIdentityProject.BusinessLayer", "EasyCashIdentityProject.BusinessLayer\EasyCashIdentityProject.BusinessLayer.csproj", "{88FA3D6C-0EAF-4F8D-95D1-E4419AF625A0}"
EndProject
Project("{FAE04EC0-301F-11D3-BF4B-00C04F79EFBC}") = "EasyCashIdentityProject.DtoLayer", "EasyCashIdentityProject.DtoLayer\EasyCashIdentityProject.DtoLayer.csproj", "{37176F56-9ECE-4B10-921F-89615BEC0D5B}"
EndProject
Project("{FAE04EC0-301F-11D3-BF4B-00C04F79EFBC}") = "EasyCashIdentityProject.PresentationLayer", "EasyCashIdentityProject.PresentationLayer\EasyCashIdentityProject.PresentationLayer.csproj", "{F381D76B-9F69-40D2-AE7B-F21F12362055}"
EndProject
Global
	GlobalSection(SolutionConfigurationPlatforms) = preSolution
		Debug|Any CPU = Debug|Any CPU
		Release|Any CPU = Release|Any CPU
	EndGlobalSection
	GlobalSection(ProjectConfigurationPlatforms) = postSolution
		{CD75FBEB-9EDF-4528-8135-7FA0F1213040}.Debug|Any CPU.ActiveCfg = Debug|Any CPU
		{CD75FBEB-9EDF-4528-8135-7FA0F1213040}.Debug|Any CPU.Build.0 = Debug|Any CPU
		{CD75FBEB-9EDF-4528-8135-7FA0F1213040}.Release|Any CPU.ActiveCfg = Release|Any CPU
		{CD75FBEB-9EDF-4528-8135-7FA0F1213040}.Release|Any CPU.Build.0 = Release|Any CPU
		{D15B4BA0-3F3D-4A0C-9E97-06BB440F48EC}.Debug|Any CPU.ActiveCfg = Debug|Any CPU
		{D15B4BA0-3F3D-4A0C-9E97-06BB440F48EC}.Debug|Any CPU.Build.0 = Debug|Any CPU
		{D15B4BA0-3F3D-4A0C-9E97-06BB440F48EC}.Release|Any CPU.ActiveCfg = Release|Any CPU
		{D15B4BA0-3F3D-4A0C-9E97-06BB440F48EC}.Release|Any CPU.Build.0 = Release|Any CPU
		{88FA3D6C-0EAF-4F8D-95D1-E4419AF625A0}.Debug|Any CPU.ActiveCfg = Debug|Any CPU
		{88FA3D6C-0EAF-4F8D-95D1-E4419AF625A0}.Debug|Any CPU.Build.0 = Debug|Any CPU
		{88FA3D6C-0EAF-4F8D-95D1-E4419AF625A0}.Release|Any CPU.ActiveCfg = Release|Any CPU
		{88FA3D6C-0EAF-4F8D-95D1-E4419AF625A0}.Release|Any CPU.Build.0 = Release|Any CPU
		{37176F56-9ECE-4B10-921F-89615BEC0D5B}.Debug|Any CPU.ActiveCfg = Debug|Any CPU
		{37176F56-9ECE-4B10-921F-89615BEC0D5B}.Debug|Any CPU.Build.0 = Debug|Any CPU
		{37176F56-9ECE-4B10-921F-89615BEC0D5B}.Release|Any CPU.ActiveCfg = Release|Any CPU
		{37176F56-9ECE-4B10-921F-89615BEC0D5B}.Release|Any CPU.Build.0 = Release|Any CPU
		{F381D76B-9F69-40D2-AE7B-F21F12362055}.Debug|Any CPU.ActiveCfg = Debug|Any CPU
		{F381D76B-9F69-40D2-AE7B-F21F12362055}.Debug|Any CPU.Build.0 = Debug|Any CPU
		{F381D76B-9F69-40D2-AE7B-F21F12362055}.Release|Any CPU.ActiveCfg = Release|Any CPU
		{F381D76B-9F69-40D2-AE7B-F21F12362055}.Release|Any CPU.Build.0 = Release|Any CPU
	EndGlobalSection
	GlobalSection(SolutionProperties) = preSolution
		HideSolutionNode = FALSE
	EndGlobalSection
	GlobalSection(ExtensibilityGlobals) = postSolution
		SolutionGuid = {BAAA9685-7677-4F07-8505-1FDC6A8A9F74}
	EndGlobalSection
EndGlobal
